Microsoft Visual Studio Solution File, Format Version 12.00
# Visual Studio Version 17
VisualStudioVersion = 17.5.2.0
MinimumVisualStudioVersion = 10.0.40219.1
Project("{FAE04EC0-301F-11D3-BF4B-00C04F79EFBC}") = "MotoGP_API", "MotoGP_API.csproj", "{9435254C-047F-803F-9759-C9264B4FC25B}"
EndProject
Global
	GlobalSection(SolutionConfigurationPlatforms) = preSolution
		Debug|Any CPU = Debug|Any CPU
		Release|Any CPU = Release|Any CPU
	EndGlobalSection
	GlobalSection(ProjectConfigurationPlatforms) = postSolution
		{9435254C-047F-803F-9759-C9264B4FC25B}.Debug|Any CPU.ActiveCfg = Debug|Any CPU
		{9435254C-047F-803F-9759-C9264B4FC25B}.Debug|Any CPU.Build.0 = Debug|Any CPU
		{9435254C-047F-803F-9759-C9264B4FC25B}.Release|Any CPU.ActiveCfg = Release|Any CPU
		{9435254C-047F-803F-9759-C9264B4FC25B}.Release|Any CPU.Build.0 = Release|Any CPU
	EndGlobalSection
	GlobalSection(SolutionProperties) = preSolution
		HideSolutionNode = FALSE
	EndGlobalSection
	GlobalSection(ExtensibilityGlobals) = postSolution
		SolutionGuid = {67FC7426-D325-4E97-AD31-2A633BEC03F3}
	EndGlobalSection
EndGlobal
